
Microsoft Visual Studio Solution File, Format Version 12.00
# Visual Studio Version 16
VisualStudioVersion = 16.0.29230.47
MinimumVisualStudioVersion = 10.0.40219.1
Project("{FAE04EC0-301F-11D3-BF4B-00C04F79EFBC}") = "MvvmFrame.Wpf", "MvvmFrame.Wpf\MvvmFrame.Wpf.csproj", "{BB80E7ED-8A8C-4903-8631-9564F5DF6599}"
EndProject
Project("{FAE04EC0-301F-11D3-BF4B-00C04F79EFBC}") = "MvvmFrame.Wpf.UnitTests", "MvvmFrame.Wpf.UnitTests\MvvmFrame.Wpf.UnitTests.csproj", "{042B463F-ECC0-4203-B10D-9B7256B61E9C}"
EndProject
Global
	GlobalSection(SolutionConfigurationPlatforms) = preSolution
		Debug|Any CPU = Debug|Any CPU
		Release|Any CPU = Release|Any CPU
	EndGlobalSection
	GlobalSection(ProjectConfigurationPlatforms) = postSolution
		{BB80E7ED-8A8C-4903-8631-9564F5DF6599}.Debug|Any CPU.ActiveCfg = Debug|Any CPU
		{BB80E7ED-8A8C-4903-8631-9564F5DF6599}.Debug|Any CPU.Build.0 = Debug|Any CPU
		{BB80E7ED-8A8C-4903-8631-9564F5DF6599}.Release|Any CPU.ActiveCfg = Release|Any CPU
		{BB80E7ED-8A8C-4903-8631-9564F5DF6599}.Release|Any CPU.Build.0 = Release|Any CPU
		{042B463F-ECC0-4203-B10D-9B7256B61E9C}.Debug|Any CPU.ActiveCfg = Debug|Any CPU
		{042B463F-ECC0-4203-B10D-9B7256B61E9C}.Debug|Any CPU.Build.0 = Debug|Any CPU
		{042B463F-ECC0-4203-B10D-9B7256B61E9C}.Release|Any CPU.ActiveCfg = Release|Any CPU
		{042B463F-ECC0-4203-B10D-9B7256B61E9C}.Release|Any CPU.Build.0 = Release|Any CPU
	EndGlobalSection
	GlobalSection(SolutionProperties) = preSolution
		HideSolutionNode = FALSE
	EndGlobalSection
	GlobalSection(ExtensibilityGlobals) = postSolution
		SolutionGuid = {D549B4D9-5F85-4FA5-B991-234EEB059B17}
	EndGlobalSection
EndGlobal
