
Microsoft Visual Studio Solution File, Format Version 12.00
# Visual Studio Version 16
VisualStudioVersion = 16.0.29230.47
MinimumVisualStudioVersion = 10.0.40219.1
Project("{FAE04EC0-301F-11D3-BF4B-00C04F79EFBC}") = "MvvmFrame.Wpf", "MvvmFrame.Wpf\MvvmFrame.Wpf.csproj", "{BB80E7ED-8A8C-4903-8631-9564F5DF6599}"
EndProject
Project("{FAE04EC0-301F-11D3-BF4B-00C04F79EFBC}") = "MvvmFrame.Wpf.UnitTests", "MvvmFrame.Wpf.UnitTests\MvvmFrame.Wpf.UnitTests.csproj", "{042B463F-ECC0-4203-B10D-9B7256B61E9C}"
EndProject
Project("{FAE04EC0-301F-11D3-BF4B-00C04F79EFBC}") = "MvvmFrame.Wpf.TestWpf", "MvvmFrame.Wpf.TestWpf\MvvmFrame.Wpf.TestWpf.csproj", "{75B0337B-15A9-4139-AAC3-F8B09561107C}"
EndProject
Project("{FAE04EC0-301F-11D3-BF4B-00C04F79EFBC}") = "Example_MvvmFrame.Wpf", "Example_MvvmFrame.Wpf\Example_MvvmFrame.Wpf.csproj", "{4D79F654-DC0E-40D2-80D6-A9E96B40C4D0}"
EndProject
Project("{FAE04EC0-301F-11D3-BF4B-00C04F79EFBC}") = "MvvmFrame.Wpf.AFAP", "MvvmFrame.Wpf.AFAP\MvvmFrame.Wpf.AFAP.csproj", "{39BA8C17-2E26-433E-8BB5-DDE7B50E529A}"
EndProject
Project("{2150E333-8FDC-42A3-9474-1A3956D46DE8}") = "Tests", "Tests", "{FC76E7E3-1E15-49F5-94D3-890BA8B88A18}"
EndProject
Project("{FAE04EC0-301F-11D3-BF4B-00C04F79EFBC}") = "MvvmFrame.Wpf.UnitTests.Common", "Tests\MvvmFrame.Wpf.UnitTests.Common\MvvmFrame.Wpf.UnitTests.Common.csproj", "{ED8AC9B9-F984-4285-BADC-5EA256EE1493}"
EndProject
Project("{FAE04EC0-301F-11D3-BF4B-00C04F79EFBC}") = "MvvmFrame.Wpf.AFAP.UnitTests", "Tests\MvvmFrame.Wpf.AFAP.UnitTests\MvvmFrame.Wpf.AFAP.UnitTests.csproj", "{74385549-3EAE-490E-8817-5DD2D43716F5}"
EndProject
Project("{FAE04EC0-301F-11D3-BF4B-00C04F79EFBC}") = "NugetProject", "NugetProject\NugetProject.csproj", "{2DF0DFBD-BE17-44E0-BC18-6FA2B7D07461}"
EndProject
Global
	GlobalSection(SolutionConfigurationPlatforms) = preSolution
		Debug|Any CPU = Debug|Any CPU
		Release|Any CPU = Release|Any CPU
	EndGlobalSection
	GlobalSection(ProjectConfigurationPlatforms) = postSolution
		{BB80E7ED-8A8C-4903-8631-9564F5DF6599}.Debug|Any CPU.ActiveCfg = Debug|Any CPU
		{BB80E7ED-8A8C-4903-8631-9564F5DF6599}.Debug|Any CPU.Build.0 = Debug|Any CPU
		{BB80E7ED-8A8C-4903-8631-9564F5DF6599}.Release|Any CPU.ActiveCfg = Release|Any CPU
		{BB80E7ED-8A8C-4903-8631-9564F5DF6599}.Release|Any CPU.Build.0 = Release|Any CPU
		{042B463F-ECC0-4203-B10D-9B7256B61E9C}.Debug|Any CPU.ActiveCfg = Debug|Any CPU
		{042B463F-ECC0-4203-B10D-9B7256B61E9C}.Debug|Any CPU.Build.0 = Debug|Any CPU
		{042B463F-ECC0-4203-B10D-9B7256B61E9C}.Release|Any CPU.ActiveCfg = Release|Any CPU
		{042B463F-ECC0-4203-B10D-9B7256B61E9C}.Release|Any CPU.Build.0 = Release|Any CPU
		{75B0337B-15A9-4139-AAC3-F8B09561107C}.Debug|Any CPU.ActiveCfg = Debug|Any CPU
		{75B0337B-15A9-4139-AAC3-F8B09561107C}.Debug|Any CPU.Build.0 = Debug|Any CPU
		{75B0337B-15A9-4139-AAC3-F8B09561107C}.Release|Any CPU.ActiveCfg = Release|Any CPU
		{75B0337B-15A9-4139-AAC3-F8B09561107C}.Release|Any CPU.Build.0 = Release|Any CPU
		{4D79F654-DC0E-40D2-80D6-A9E96B40C4D0}.Debug|Any CPU.ActiveCfg = Debug|Any CPU
		{4D79F654-DC0E-40D2-80D6-A9E96B40C4D0}.Debug|Any CPU.Build.0 = Debug|Any CPU
		{4D79F654-DC0E-40D2-80D6-A9E96B40C4D0}.Release|Any CPU.ActiveCfg = Release|Any CPU
		{4D79F654-DC0E-40D2-80D6-A9E96B40C4D0}.Release|Any CPU.Build.0 = Release|Any CPU
		{39BA8C17-2E26-433E-8BB5-DDE7B50E529A}.Debug|Any CPU.ActiveCfg = Debug|Any CPU
		{39BA8C17-2E26-433E-8BB5-DDE7B50E529A}.Debug|Any CPU.Build.0 = Debug|Any CPU
		{39BA8C17-2E26-433E-8BB5-DDE7B50E529A}.Release|Any CPU.ActiveCfg = Release|Any CPU
		{39BA8C17-2E26-433E-8BB5-DDE7B50E529A}.Release|Any CPU.Build.0 = Release|Any CPU
		{ED8AC9B9-F984-4285-BADC-5EA256EE1493}.Debug|Any CPU.ActiveCfg = Debug|Any CPU
		{ED8AC9B9-F984-4285-BADC-5EA256EE1493}.Debug|Any CPU.Build.0 = Debug|Any CPU
		{ED8AC9B9-F984-4285-BADC-5EA256EE1493}.Release|Any CPU.ActiveCfg = Release|Any CPU
		{ED8AC9B9-F984-4285-BADC-5EA256EE1493}.Release|Any CPU.Build.0 = Release|Any CPU
		{74385549-3EAE-490E-8817-5DD2D43716F5}.Debug|Any CPU.ActiveCfg = Debug|Any CPU
		{74385549-3EAE-490E-8817-5DD2D43716F5}.Debug|Any CPU.Build.0 = Debug|Any CPU
		{74385549-3EAE-490E-8817-5DD2D43716F5}.Release|Any CPU.ActiveCfg = Release|Any CPU
		{74385549-3EAE-490E-8817-5DD2D43716F5}.Release|Any CPU.Build.0 = Release|Any CPU
		{2DF0DFBD-BE17-44E0-BC18-6FA2B7D07461}.Debug|Any CPU.ActiveCfg = Debug|Any CPU
		{2DF0DFBD-BE17-44E0-BC18-6FA2B7D07461}.Debug|Any CPU.Build.0 = Debug|Any CPU
		{2DF0DFBD-BE17-44E0-BC18-6FA2B7D07461}.Release|Any CPU.ActiveCfg = Release|Any CPU
		{2DF0DFBD-BE17-44E0-BC18-6FA2B7D07461}.Release|Any CPU.Build.0 = Release|Any CPU
	EndGlobalSection
	GlobalSection(SolutionProperties) = preSolution
		HideSolutionNode = FALSE
	EndGlobalSection
	GlobalSection(NestedProjects) = preSolution
		{042B463F-ECC0-4203-B10D-9B7256B61E9C} = {FC76E7E3-1E15-49F5-94D3-890BA8B88A18}
		{ED8AC9B9-F984-4285-BADC-5EA256EE1493} = {FC76E7E3-1E15-49F5-94D3-890BA8B88A18}
		{74385549-3EAE-490E-8817-5DD2D43716F5} = {FC76E7E3-1E15-49F5-94D3-890BA8B88A18}
	EndGlobalSection
	GlobalSection(ExtensibilityGlobals) = postSolution
		SolutionGuid = {D549B4D9-5F85-4FA5-B991-234EEB059B17}
	EndGlobalSection
EndGlobal
