
Microsoft Visual Studio Solution File, Format Version 12.00
# Visual Studio Version 16
VisualStudioVersion = 16.0.29230.47
MinimumVisualStudioVersion = 10.0.40219.1
Project("{9A19103F-16F7-4668-BE54-9A1E7A4F7556}") = "MvvmFrame.Wpf", "MvvmFrame.Wpf\MvvmFrame.Wpf.csproj", "{BB80E7ED-8A8C-4903-8631-9564F5DF6599}"
EndProject
Project("{FAE04EC0-301F-11D3-BF4B-00C04F79EFBC}") = "Example_MvvmFrame.Wpf", "Example_MvvmFrame.Wpf\Example_MvvmFrame.Wpf.csproj", "{4D79F654-DC0E-40D2-80D6-A9E96B40C4D0}"
EndProject
Project("{2150E333-8FDC-42A3-9474-1A3956D46DE8}") = "Tests", "Tests", "{FC76E7E3-1E15-49F5-94D3-890BA8B88A18}"
EndProject
Project("{FAE04EC0-301F-11D3-BF4B-00C04F79EFBC}") = "MvvmFrame.Wpf.TestWpf", "Tests\MvvmFrame.Wpf.TestWpf\MvvmFrame.Wpf.TestWpf.csproj", "{75B0337B-15A9-4139-AAC3-F8B09561107C}"
EndProject
Project("{2150E333-8FDC-42A3-9474-1A3956D46DE8}") = "Infrastructure", "Infrastructure", "{A87E7D2B-1486-4B2A-B1A4-B7ACC45E461B}"
EndProject
Project("{9A19103F-16F7-4668-BE54-9A1E7A4F7556}") = "InfrastructureTests", "Infrastructure\InfrastructureTests\InfrastructureTests.csproj", "{11539676-F676-48F3-BD98-87189DCFF8F7}"
EndProject
Project("{9A19103F-16F7-4668-BE54-9A1E7A4F7556}") = "JwtTestAdapter", "Infrastructure\JwtTestAdapter\JwtTestAdapter.csproj", "{EE0FFDD9-355F-4B1B-A862-D2CCEDD94A98}"
EndProject
Project("{9A19103F-16F7-4668-BE54-9A1E7A4F7556}") = "MvvmFrame.Wpf.TestAdapter", "Infrastructure\MvvmFrame.Wpf.TestAdapter\MvvmFrame.Wpf.TestAdapter.csproj", "{EC5B9340-E954-492A-B792-FF02C9BB61CB}"
EndProject
Project("{9A19103F-16F7-4668-BE54-9A1E7A4F7556}") = "Pipelines", "Infrastructure\Pipelines\Pipelines.csproj", "{1E85EFCA-8D74-4C15-8DE0-73FC85834183}"
EndProject
Project("{9A19103F-16F7-4668-BE54-9A1E7A4F7556}") = "MvvmFrame.Wpf.TestsCommon", "Tests\MvvmFrame.Wpf.TestsCommon\MvvmFrame.Wpf.TestsCommon.csproj", "{85663E4B-E143-429A-88EC-0EB30B9336CC}"
EndProject
Project("{FAE04EC0-301F-11D3-BF4B-00C04F79EFBC}") = "MvvmFrame.Wpf.Tests", "Tests\MvvmFrame.Wpf.Tests\MvvmFrame.Wpf.Tests.csproj", "{EA1C60E0-A16C-4866-9F21-193E651AC7E7}"
EndProject
Global
	GlobalSection(SolutionConfigurationPlatforms) = preSolution
		Debug|Any CPU = Debug|Any CPU
		Release|Any CPU = Release|Any CPU
	EndGlobalSection
	GlobalSection(ProjectConfigurationPlatforms) = postSolution
		{BB80E7ED-8A8C-4903-8631-9564F5DF6599}.Debug|Any CPU.ActiveCfg = Debug|Any CPU
		{BB80E7ED-8A8C-4903-8631-9564F5DF6599}.Debug|Any CPU.Build.0 = Debug|Any CPU
		{BB80E7ED-8A8C-4903-8631-9564F5DF6599}.Release|Any CPU.ActiveCfg = Release|Any CPU
		{BB80E7ED-8A8C-4903-8631-9564F5DF6599}.Release|Any CPU.Build.0 = Release|Any CPU
		{4D79F654-DC0E-40D2-80D6-A9E96B40C4D0}.Debug|Any CPU.ActiveCfg = Debug|Any CPU
		{4D79F654-DC0E-40D2-80D6-A9E96B40C4D0}.Debug|Any CPU.Build.0 = Debug|Any CPU
		{4D79F654-DC0E-40D2-80D6-A9E96B40C4D0}.Release|Any CPU.ActiveCfg = Release|Any CPU
		{4D79F654-DC0E-40D2-80D6-A9E96B40C4D0}.Release|Any CPU.Build.0 = Release|Any CPU
		{75B0337B-15A9-4139-AAC3-F8B09561107C}.Debug|Any CPU.ActiveCfg = Debug|Any CPU
		{75B0337B-15A9-4139-AAC3-F8B09561107C}.Debug|Any CPU.Build.0 = Debug|Any CPU
		{75B0337B-15A9-4139-AAC3-F8B09561107C}.Release|Any CPU.ActiveCfg = Release|Any CPU
		{75B0337B-15A9-4139-AAC3-F8B09561107C}.Release|Any CPU.Build.0 = Release|Any CPU
		{11539676-F676-48F3-BD98-87189DCFF8F7}.Debug|Any CPU.ActiveCfg = Debug|Any CPU
		{11539676-F676-48F3-BD98-87189DCFF8F7}.Debug|Any CPU.Build.0 = Debug|Any CPU
		{11539676-F676-48F3-BD98-87189DCFF8F7}.Release|Any CPU.ActiveCfg = Release|Any CPU
		{11539676-F676-48F3-BD98-87189DCFF8F7}.Release|Any CPU.Build.0 = Release|Any CPU
		{EE0FFDD9-355F-4B1B-A862-D2CCEDD94A98}.Debug|Any CPU.ActiveCfg = Debug|Any CPU
		{EE0FFDD9-355F-4B1B-A862-D2CCEDD94A98}.Debug|Any CPU.Build.0 = Debug|Any CPU
		{EE0FFDD9-355F-4B1B-A862-D2CCEDD94A98}.Release|Any CPU.ActiveCfg = Release|Any CPU
		{EE0FFDD9-355F-4B1B-A862-D2CCEDD94A98}.Release|Any CPU.Build.0 = Release|Any CPU
		{EC5B9340-E954-492A-B792-FF02C9BB61CB}.Debug|Any CPU.ActiveCfg = Debug|Any CPU
		{EC5B9340-E954-492A-B792-FF02C9BB61CB}.Debug|Any CPU.Build.0 = Debug|Any CPU
		{EC5B9340-E954-492A-B792-FF02C9BB61CB}.Release|Any CPU.ActiveCfg = Release|Any CPU
		{EC5B9340-E954-492A-B792-FF02C9BB61CB}.Release|Any CPU.Build.0 = Release|Any CPU
		{1E85EFCA-8D74-4C15-8DE0-73FC85834183}.Debug|Any CPU.ActiveCfg = Debug|Any CPU
		{1E85EFCA-8D74-4C15-8DE0-73FC85834183}.Debug|Any CPU.Build.0 = Debug|Any CPU
		{1E85EFCA-8D74-4C15-8DE0-73FC85834183}.Release|Any CPU.ActiveCfg = Release|Any CPU
		{1E85EFCA-8D74-4C15-8DE0-73FC85834183}.Release|Any CPU.Build.0 = Release|Any CPU
		{85663E4B-E143-429A-88EC-0EB30B9336CC}.Debug|Any CPU.ActiveCfg = Debug|Any CPU
		{85663E4B-E143-429A-88EC-0EB30B9336CC}.Debug|Any CPU.Build.0 = Debug|Any CPU
		{85663E4B-E143-429A-88EC-0EB30B9336CC}.Release|Any CPU.ActiveCfg = Release|Any CPU
		{85663E4B-E143-429A-88EC-0EB30B9336CC}.Release|Any CPU.Build.0 = Release|Any CPU
		{EA1C60E0-A16C-4866-9F21-193E651AC7E7}.Debug|Any CPU.ActiveCfg = Debug|Any CPU
		{EA1C60E0-A16C-4866-9F21-193E651AC7E7}.Debug|Any CPU.Build.0 = Debug|Any CPU
		{EA1C60E0-A16C-4866-9F21-193E651AC7E7}.Release|Any CPU.ActiveCfg = Release|Any CPU
		{EA1C60E0-A16C-4866-9F21-193E651AC7E7}.Release|Any CPU.Build.0 = Release|Any CPU
	EndGlobalSection
	GlobalSection(SolutionProperties) = preSolution
		HideSolutionNode = FALSE
	EndGlobalSection
	GlobalSection(NestedProjects) = preSolution
		{75B0337B-15A9-4139-AAC3-F8B09561107C} = {FC76E7E3-1E15-49F5-94D3-890BA8B88A18}
		{11539676-F676-48F3-BD98-87189DCFF8F7} = {A87E7D2B-1486-4B2A-B1A4-B7ACC45E461B}
		{EE0FFDD9-355F-4B1B-A862-D2CCEDD94A98} = {A87E7D2B-1486-4B2A-B1A4-B7ACC45E461B}
		{EC5B9340-E954-492A-B792-FF02C9BB61CB} = {A87E7D2B-1486-4B2A-B1A4-B7ACC45E461B}
		{1E85EFCA-8D74-4C15-8DE0-73FC85834183} = {A87E7D2B-1486-4B2A-B1A4-B7ACC45E461B}
		{85663E4B-E143-429A-88EC-0EB30B9336CC} = {FC76E7E3-1E15-49F5-94D3-890BA8B88A18}
		{EA1C60E0-A16C-4866-9F21-193E651AC7E7} = {FC76E7E3-1E15-49F5-94D3-890BA8B88A18}
	EndGlobalSection
	GlobalSection(ExtensibilityGlobals) = postSolution
		SolutionGuid = {D549B4D9-5F85-4FA5-B991-234EEB059B17}
	EndGlobalSection
EndGlobal
